{
  "name": "DiagnosticReportIG",
  "lockfileVersion": 2,
  "requires": true,
  "packages": {
    "": {
      "dependencies": {
        "hl7.fhir.no.basis": "file:../snapshots/hl7.fhir.no.basis-2.2.2-snapshots.tgz",
        "hl7.fhir.r4.core": "^4.0.1"
      }
    },
    "node_modules/hl7.fhir.no.basis": {
      "version": "2.2.2",
      "resolved": "file:../snapshots/hl7.fhir.no.basis-2.2.2-snapshots.tgz",
      "integrity": "sha512-DKOECBJGjg/G8ZouPQp5H6lYwiJ+5JYdIvmFP7TxVQTSt1JoE0eyFeV0Ku+36nFP2qVBaj/zPy3/WCldWEnbzg==",
      "dependencies": {
        "hl7.fhir.r4.core": "4.0.1"
      }
    },
    "node_modules/hl7.fhir.r4.core": {
      "version": "4.0.1",
      "resolved": "https://packages.simplifier.net/hl7.fhir.r4.core/4.0.1",
      "integrity": "sha1-DkuNmfeRhYdVdoLItH32BUJFR6U="
    }
  },
  "dependencies": {
    "hl7.fhir.no.basis": {
      "version": "file:../snapshots/hl7.fhir.no.basis-2.2.2-snapshots.tgz",
      "integrity": "sha512-DKOECBJGjg/G8ZouPQp5H6lYwiJ+5JYdIvmFP7TxVQTSt1JoE0eyFeV0Ku+36nFP2qVBaj/zPy3/WCldWEnbzg==",
      "requires": {
        "hl7.fhir.r4.core": "4.0.1"
      }
    },
    "hl7.fhir.r4.core": {
      "version": "4.0.1",
      "resolved": "https://packages.simplifier.net/hl7.fhir.r4.core/4.0.1",
      "integrity": "sha1-DkuNmfeRhYdVdoLItH32BUJFR6U="
    }
  }
}
